// !$*UTF8*$!
{
	archiveVersion = 1;
	classes = {
	};
	objectVersion = 50;
	objects = {

/* Begin PBXBuildFile section */
		82EC8EAA242558F600B7175E /* AppDelegate.swift in Sources */ = {isa = PBXBuildFile; fileRef = 82EC8EA9242558F600B7175E /* AppDelegate.swift */; };
		82EC8EAC242558F600B7175E /* SceneDelegate.swift in Sources */ = {isa = PBXBuildFile; fileRef = 82EC8EAB242558F600B7175E /* SceneDelegate.swift */; };
		82EC8EAE242558F600B7175E /* ViewController.swift in Sources */ = {isa = PBXBuildFile; fileRef = 82EC8EAD242558F600B7175E /* ViewController.swift */; };
		82EC8EB1242558F600B7175E /* Main.storyboard in Resources */ = {isa = PBXBuildFile; fileRef = 82EC8EAF242558F600B7175E /* Main.storyboard */; };
		82EC8EB3242558F900B7175E /* Assets.xcassets in Resources */ = {isa = PBXBuildFile; fileRef = 82EC8EB2242558F900B7175E /* Assets.xcassets */; };
		82EC8EB6242558F900B7175E /* LaunchScreen.storyboard in Resources */ = {isa = PBXBuildFile; fileRef = 82EC8EB4242558F900B7175E /* LaunchScreen.storyboard */; };
		82EC8EBE242576C200B7175E /* DesignableView.swift in Sources */ = {isa = PBXBuildFile; fileRef = 82EC8EBD242576C200B7175E /* DesignableView.swift */; };
		82EC8EC02425905100B7175E /* UIViewController+Extensions.swift in Sources */ = {isa = PBXBuildFile; fileRef = 82EC8EBF2425905100B7175E /* UIViewController+Extensions.swift */; };
/* End PBXBuildFile section */

/* Begin PBXFileReference section */
		82EC8EA6242558F600B7175E /* Yotei.app */ = {isa = PBXFileReference; explicitFileType = wrapper.application; includeInIndex = 0; path = Yotei.app; sourceTree = BUILT_PRODUCTS_DIR; };
		82EC8EA9242558F600B7175E /* AppDelegate.swift */ = {isa = PBXFileReference; lastKnownFileType = sourcecode.swift; path = AppDelegate.swift; sourceTree = "<group>"; };
		82EC8EAB242558F600B7175E /* SceneDelegate.swift */ = {isa = PBXFileReference; lastKnownFileType = sourcecode.swift; path = SceneDelegate.swift; sourceTree = "<group>"; };
		82EC8EAD242558F600B7175E /* ViewController.swift */ = {isa = PBXFileReference; lastKnownFileType = sourcecode.swift; path = ViewController.swift; sourceTree = "<group>"; };
		82EC8EB0242558F600B7175E /* Base */ = {isa = PBXFileReference; lastKnownFileType = file.storyboard; name = Base; path = Base.lproj/Main.storyboard; sourceTree = "<group>"; };
		82EC8EB2242558F900B7175E /* Assets.xcassets */ = {isa = PBXFileReference; lastKnownFileType = folder.assetcatalog; path = Assets.xcassets; sourceTree = "<group>"; };
		82EC8EB5242558F900B7175E /* Base */ = {isa = PBXFileReference; lastKnownFileType = file.storyboard; name = Base; path = Base.lproj/LaunchScreen.storyboard; sourceTree = "<group>"; };
		82EC8EB7242558F900B7175E /* Info.plist */ = {isa = PBXFileReference; lastKnownFileType = text.plist.xml; path = Info.plist; sourceTree = "<group>"; };
		82EC8EBD242576C200B7175E /* DesignableView.swift */ = {isa = PBXFileReference; lastKnownFileType = sourcecode.swift; path = DesignableView.swift; sourceTree = "<group>"; };
		82EC8EBF2425905100B7175E /* UIViewController+Extensions.swift */ = {isa = PBXFileReference; lastKnownFileType = sourcecode.swift; path = "UIViewController+Extensions.swift"; sourceTree = "<group>"; };
/* End PBXFileReference section */

/* Begin PBXFrameworksBuildPhase section */
		82EC8EA3242558F600B7175E /* Frameworks */ = {
			isa = PBXFrameworksBuildPhase;
			buildActionMask = 2147483647;
			files = (
			);
			runOnlyForDeploymentPostprocessing = 0;
		};
/* End PBXFrameworksBuildPhase section */

/* Begin PBXGroup section */
		82EC8E9D242558F600B7175E = {
			isa = PBXGroup;
			children = (
				82EC8EA8242558F600B7175E /* Yotei */,
				82EC8EA7242558F600B7175E /* Products */,
			);
			sourceTree = "<group>";
		};
		82EC8EA7242558F600B7175E /* Products */ = {
			isa = PBXGroup;
			children = (
				82EC8EA6242558F600B7175E /* Yotei.app */,
			);
			name = Products;
			sourceTree = "<group>";
		};
		82EC8EA8242558F600B7175E /* Yotei */ = {
			isa = PBXGroup;
			children = (
				82EC8EA9242558F600B7175E /* AppDelegate.swift */,
				82EC8EAB242558F600B7175E /* SceneDelegate.swift */,
				82EC8EAD242558F600B7175E /* ViewController.swift */,
				82EC8EAF242558F600B7175E /* Main.storyboard */,
				82EC8EB2242558F900B7175E /* Assets.xcassets */,
				82EC8EB4242558F900B7175E /* LaunchScreen.storyboard */,
				82EC8EB7242558F900B7175E /* Info.plist */,
				82EC8EBD242576C200B7175E /* DesignableView.swift */,
				82EC8EBF2425905100B7175E /* UIViewController+Extensions.swift */,
			);
			path = Yotei;
			sourceTree = "<group>";
		};
/* End PBXGroup section */

/* Begin PBXNativeTarget section */
		82EC8EA5242558F600B7175E /* Yotei */ = {
			isa = PBXNativeTarget;
			buildConfigurationList = 82EC8EBA242558F900B7175E /* Build configuration list for PBXNativeTarget "Yotei" */;
			buildPhases = (
				82EC8EA2242558F600B7175E /* Sources */,
				82EC8EA3242558F600B7175E /* Frameworks */,
				82EC8EA4242558F600B7175E /* Resources */,
			);
			buildRules = (
			);
			dependencies = (
			);
			name = Yotei;
			productName = Kindle;
			productReference = 82EC8EA6242558F600B7175E /* Yotei.app */;
			productType = "com.apple.product-type.application";
		};
/* End PBXNativeTarget section */

/* Begin PBXProject section */
		82EC8E9E242558F600B7175E /* Project object */ = {
			isa = PBXProject;
			attributes = {
				LastSwiftUpdateCheck = 1130;
				LastUpgradeCheck = 1130;
				ORGANIZATIONNAME = "Amuleek Simak";
				TargetAttributes = {
					82EC8EA5242558F600B7175E = {
						CreatedOnToolsVersion = 11.3.1;
					};
				};
			};
			buildConfigurationList = 82EC8EA1242558F600B7175E /* Build configuration list for PBXProject "Yotei" */;
			compatibilityVersion = "Xcode 9.3";
			developmentRegion = en;
			hasScannedForEncodings = 0;
			knownRegions = (
				en,
				Base,
			);
			mainGroup = 82EC8E9D242558F600B7175E;
			productRefGroup = 82EC8EA7242558F600B7175E /* Products */;
			projectDirPath = "";
			projectRoot = "";
			targets = (
				82EC8EA5242558F600B7175E /* Yotei */,
			);
		};
/* End PBXProject section */

/* Begin PBXResourcesBuildPhase section */
		82EC8EA4242558F600B7175E /* Resources */ = {
			isa = PBXResourcesBuildPhase;
			buildActionMask = 2147483647;
			files = (
				82EC8EB6242558F900B7175E /* LaunchScreen.storyboard in Resources */,
				82EC8EB3242558F900B7175E /* Assets.xcassets in Resources */,
				82EC8EB1242558F600B7175E /* Main.storyboard in Resources */,
			);
			runOnlyForDeploymentPostprocessing = 0;
		};
/* End PBXResourcesBuildPhase section */

/* Begin PBXSourcesBuildPhase section */
		82EC8EA2242558F600B7175E /* Sources */ = {
			isa = PBXSourcesBuildPhase;
			buildActionMask = 2147483647;
			files = (
				82EC8EBE242576C200B7175E /* DesignableView.swift in Sources */,
				82EC8EAE242558F600B7175E /* ViewController.swift in Sources */,
				82EC8EC02425905100B7175E /* UIViewController+Extensions.swift in Sources */,
				82EC8EAA242558F600B7175E /* AppDelegate.swift in Sources */,
				82EC8EAC242558F600B7175E /* SceneDelegate.swift in Sources */,
			);
			runOnlyForDeploymentPostprocessing = 0;
		};
/* End PBXSourcesBuildPhase section */

/* Begin PBXVariantGroup section */
		82EC8EAF242558F600B7175E /* Main.storyboard */ = {
			isa = PBXVariantGroup;
			children = (
				82EC8EB0242558F600B7175E /* Base */,
			);
			name = Main.storyboard;
			sourceTree = "<group>";
		};
		82EC8EB4242558F900B7175E /* LaunchScreen.storyboard */ = {
			isa = PBXVariantGroup;
			children = (
				82EC8EB5242558F900B7175E /* Base */,
			);
			name = LaunchScreen.storyboard;
			sourceTree = "<group>";
		};
/* End PBXVariantGroup section */

/* Begin XCBuildConfiguration section */
		82EC8EB8242558F900B7175E /* Debug */ = {
			isa = XCBuildConfiguration;
			buildSettings = {
				ALWAYS_SEARCH_USER_PATHS = NO;
				CLANG_ANALYZER_NONNULL = YES;
				CLANG_ANALYZER_NUMBER_OBJECT_CONVERSION = YES_AGGRESSIVE;
				CLANG_CXX_LANGUAGE_STANDARD = "gnu++14";
				CLANG_CXX_LIBRARY = "libc++";
				CLANG_ENABLE_MODULES = YES;
				CLANG_ENABLE_OBJC_ARC = YES;
				CLANG_ENABLE_OBJC_WEAK = YES;
				CLANG_WARN_BLOCK_CAPTURE_AUTORELEASING = YES;
				CLANG_WARN_BOOL_CONVERSION = YES;
				CLANG_WARN_COMMA = YES;
				CLANG_WARN_CONSTANT_CONVERSION = YES;
				CLANG_WARN_DEPRECATED_OBJC_IMPLEMENTATIONS = YES;
				CLANG_WARN_DIRECT_OBJC_ISA_USAGE = YES_ERROR;
				CLANG_WARN_DOCUMENTATION_COMMENTS = YES;
				CLANG_WARN_EMPTY_BODY = YES;
				CLANG_WARN_ENUM_CONVERSION = YES;
				CLANG_WARN_INFINITE_RECURSION = YES;
				CLANG_WARN_INT_CONVERSION = YES;
				CLANG_WARN_NON_LITERAL_NULL_CONVERSION = YES;
				CLANG_WARN_OBJC_IMPLICIT_RETAIN_SELF = YES;
				CLANG_WARN_OBJC_LITERAL_CONVERSION = YES;
				CLANG_WARN_OBJC_ROOT_CLASS = YES_ERROR;
				CLANG_WARN_RANGE_LOOP_ANALYSIS = YES;
				CLANG_WARN_STRICT_PROTOTYPES = YES;
				CLANG_WARN_SUSPICIOUS_MOVE = YES;
				CLANG_WARN_UNGUARDED_AVAILABILITY = YES_AGGRESSIVE;
				CLANG_WARN_UNREACHABLE_CODE = YES;
				CLANG_WARN__DUPLICATE_METHOD_MATCH = YES;
				COPY_PHASE_STRIP = NO;
				DEBUG_INFORMATION_FORMAT = dwarf;
				ENABLE_STRICT_OBJC_MSGSEND = YES;
				ENABLE_TESTABILITY = YES;
				GCC_C_LANGUAGE_STANDARD = gnu11;
				GCC_DYNAMIC_NO_PIC = NO;
				GCC_NO_COMMON_BLOCKS = YES;
				GCC_OPTIMIZATION_LEVEL = 0;
				GCC_PREPROCESSOR_DEFINITIONS = (
					"DEBUG=1",
					"$(inherited)",
				);
				GCC_WARN_64_TO_32_BIT_CONVERSION = YES;
				GCC_WARN_ABOUT_RETURN_TYPE = YES_ERROR;
				GCC_WARN_UNDECLARED_SELECTOR = YES;
				GCC_WARN_UNINITIALIZED_AUTOS = YES_AGGRESSIVE;
				GCC_WARN_UNUSED_FUNCTION = YES;
				GCC_WARN_UNUSED_VARIABLE = YES;
				IPHONEOS_DEPLOYMENT_TARGET = 13.2;
				MTL_ENABLE_DEBUG_INFO = INCLUDE_SOURCE;
				MTL_FAST_MATH = YES;
				ONLY_ACTIVE_ARCH = YES;
				SDKROOT = iphoneos;
				SWIFT_ACTIVE_COMPILATION_CONDITIONS = DEBUG;
				SWIFT_OPTIMIZATION_LEVEL = "-Onone";
			};
			name = Debug;
		};
		82EC8EB9242558F900B7175E /* Release */ = {
			isa = XCBuildConfiguration;
			buildSettings = {
				ALWAYS_SEARCH_USER_PATHS = NO;
				CLANG_ANALYZER_NONNULL = YES;
				CLANG_ANALYZER_NUMBER_OBJECT_CONVERSION = YES_AGGRESSIVE;
				CLANG_CXX_LANGUAGE_STANDARD = "gnu++14";
				CLANG_CXX_LIBRARY = "libc++";
				CLANG_ENABLE_MODULES = YES;
				CLANG_ENABLE_OBJC_ARC = YES;
				CLANG_ENABLE_OBJC_WEAK = YES;
				CLANG_WARN_BLOCK_CAPTURE_AUTORELEASING = YES;
				CLANG_WARN_BOOL_CONVERSION = YES;
				CLANG_WARN_COMMA = YES;
				CLANG_WARN_CONSTANT_CONVERSION = YES;
				CLANG_WARN_DEPRECATED_OBJC_IMPLEMENTATIONS = YES;
				CLANG_WARN_DIRECT_OBJC_ISA_USAGE = YES_ERROR;
				CLANG_WARN_DOCUMENTATION_COMMENTS = YES;
				CLANG_WARN_EMPTY_BODY = YES;
				CLANG_WARN_ENUM_CONVERSION = YES;
				CLANG_WARN_INFINITE_RECURSION = YES;
				CLANG_WARN_INT_CONVERSION = YES;
				CLANG_WARN_NON_LITERAL_NULL_CONVERSION = YES;
				CLANG_WARN_OBJC_IMPLICIT_RETAIN_SELF = YES;
				CLANG_WARN_OBJC_LITERAL_CONVERSION = YES;
				CLANG_WARN_OBJC_ROOT_CLASS = YES_ERROR;
				CLANG_WARN_RANGE_LOOP_ANALYSIS = YES;
				CLANG_WARN_STRICT_PROTOTYPES = YES;
				CLANG_WARN_SUSPICIOUS_MOVE = YES;
				CLANG_WARN_UNGUARDED_AVAILABILITY = YES_AGGRESSIVE;
				CLANG_WARN_UNREACHABLE_CODE = YES;
				CLANG_WARN__DUPLICATE_METHOD_MATCH = YES;
				COPY_PHASE_STRIP = NO;
				DEBUG_INFORMATION_FORMAT = "dwarf-with-dsym";
				ENABLE_NS_ASSERTIONS = NO;
				ENABLE_STRICT_OBJC_MSGSEND = YES;
				GCC_C_LANGUAGE_STANDARD = gnu11;
				GCC_NO_COMMON_BLOCKS = YES;
				GCC_WARN_64_TO_32_BIT_CONVERSION = YES;
				GCC_WARN_ABOUT_RETURN_TYPE = YES_ERROR;
				GCC_WARN_UNDECLARED_SELECTOR = YES;
				GCC_WARN_UNINITIALIZED_AUTOS = YES_AGGRESSIVE;
				GCC_WARN_UNUSED_FUNCTION = YES;
				GCC_WARN_UNUSED_VARIABLE = YES;
				IPHONEOS_DEPLOYMENT_TARGET = 13.2;
				MTL_ENABLE_DEBUG_INFO = NO;
				MTL_FAST_MATH = YES;
				SDKROOT = iphoneos;
				SWIFT_COMPILATION_MODE = wholemodule;
				SWIFT_OPTIMIZATION_LEVEL = "-O";
				VALIDATE_PRODUCT = YES;
			};
			name = Release;
		};
		82EC8EBB242558F900B7175E /* Debug */ = {
			isa = XCBuildConfiguration;
			buildSettings = {
				ASSETCATALOG_COMPILER_APPICON_NAME = AppIcon;
				CODE_SIGN_STYLE = Automatic;
				DEVELOPMENT_TEAM = 2K95DRAS86;
				INFOPLIST_FILE = Kindle/Info.plist;
				LD_RUNPATH_SEARCH_PATHS = (
					"$(inherited)",
					"@executable_path/Frameworks",
				);
				PRODUCT_BUNDLE_IDENTIFIER = com.EmilyS.Kindle;
				PRODUCT_NAME = "$(TARGET_NAME)";
				SWIFT_VERSION = 5.0;
				TARGETED_DEVICE_FAMILY = "1,2";
			};
			name = Debug;
		};
		82EC8EBC242558F900B7175E /* Release */ = {
			isa = XCBuildConfiguration;
			buildSettings = {
				ASSETCATALOG_COMPILER_APPICON_NAME = AppIcon;
				CODE_SIGN_STYLE = Automatic;
				DEVELOPMENT_TEAM = 2K95DRAS86;
				INFOPLIST_FILE = Kindle/Info.plist;
				LD_RUNPATH_SEARCH_PATHS = (
					"$(inherited)",
					"@executable_path/Frameworks",
				);
				PRODUCT_BUNDLE_IDENTIFIER = com.EmilyS.Kindle;
				PRODUCT_NAME = "$(TARGET_NAME)";
				SWIFT_VERSION = 5.0;
				TARGETED_DEVICE_FAMILY = "1,2";
			};
			name = Release;
		};
/* End XCBuildConfiguration section */

/* Begin XCConfigurationList section */
		82EC8EA1242558F600B7175E /* Build configuration list for PBXProject "Yotei" */ = {
			isa = XCConfigurationList;
			buildConfigurations = (
				82EC8EB8242558F900B7175E /* Debug */,
				82EC8EB9242558F900B7175E /* Release */,
			);
			defaultConfigurationIsVisible = 0;
			defaultConfigurationName = Release;
		};
		82EC8EBA242558F900B7175E /* Build configuration list for PBXNativeTarget "Yotei" */ = {
			isa = XCConfigurationList;
			buildConfigurations = (
				82EC8EBB242558F900B7175E /* Debug */,
				82EC8EBC242558F900B7175E /* Release */,
			);
			defaultConfigurationIsVisible = 0;
			defaultConfigurationName = Release;
		};
/* End XCConfigurationList section */
	};
	rootObject = 82EC8E9E242558F600B7175E /* Project object */;
}
